// !$*UTF8*$!
{
	archiveVersion = 1;
	classes = {
	};
	objectVersion = 46;
	objects = {

/* Begin PBXBuildFile section */
		4015610019ECC05300798C9B /* HamburgerViewController.swift in Sources */ = {isa = PBXBuildFile; fileRef = 401560FF19ECC05300798C9B /* HamburgerViewController.swift */; };
		4058ADF319ECB77700B8DE6A /* AppDelegate.swift in Sources */ = {isa = PBXBuildFile; fileRef = 4058ADF219ECB77700B8DE6A /* AppDelegate.swift */; };
		4058ADF519ECB77700B8DE6A /* ViewController.swift in Sources */ = {isa = PBXBuildFile; fileRef = 4058ADF419ECB77700B8DE6A /* ViewController.swift */; };
		4058ADF819ECB77700B8DE6A /* Main.storyboard in Resources */ = {isa = PBXBuildFile; fileRef = 4058ADF619ECB77700B8DE6A /* Main.storyboard */; };
		4058ADFA19ECB77700B8DE6A /* Images.xcassets in Resources */ = {isa = PBXBuildFile; fileRef = 4058ADF919ECB77700B8DE6A /* Images.xcassets */; };
		4058ADFD19ECB77700B8DE6A /* LaunchScreen.xib in Resources */ = {isa = PBXBuildFile; fileRef = 4058ADFB19ECB77700B8DE6A /* LaunchScreen.xib */; };
		4058AE0919ECB77700B8DE6A /* YouTubeTests.swift in Sources */ = {isa = PBXBuildFile; fileRef = 4058AE0819ECB77700B8DE6A /* YouTubeTests.swift */; };
		4058AE1319ECB99100B8DE6A /* FeedViewController.swift in Sources */ = {isa = PBXBuildFile; fileRef = 4058AE1219ECB99100B8DE6A /* FeedViewController.swift */; };
		4058AE1519ECB99E00B8DE6A /* MenuViewController.swift in Sources */ = {isa = PBXBuildFile; fileRef = 4058AE1419ECB99E00B8DE6A /* MenuViewController.swift */; };
/* End PBXBuildFile section */

/* Begin PBXContainerItemProxy section */
		4058AE0319ECB77700B8DE6A /* PBXContainerItemProxy */ = {
			isa = PBXContainerItemProxy;
			containerPortal = 4058ADE519ECB77600B8DE6A /* Project object */;
			proxyType = 1;
			remoteGlobalIDString = 4058ADEC19ECB77600B8DE6A;
			remoteInfo = YouTube;
		};
/* End PBXContainerItemProxy section */

/* Begin PBXFileReference section */
		401560FF19ECC05300798C9B /* HamburgerViewController.swift */ = {isa = PBXFileReference; fileEncoding = 4; lastKnownFileType = sourcecode.swift; path = HamburgerViewController.swift; sourceTree = "<group>"; };
		4058ADED19ECB77600B8DE6A /* YouTube.app */ = {isa = PBXFileReference; explicitFileType = wrapper.application; includeInIndex = 0; path = YouTube.app; sourceTree = BUILT_PRODUCTS_DIR; };
		4058ADF119ECB77700B8DE6A /* Info.plist */ = {isa = PBXFileReference; lastKnownFileType = text.plist.xml; path = Info.plist; sourceTree = "<group>"; };
		4058ADF219ECB77700B8DE6A /* AppDelegate.swift */ = {isa = PBXFileReference; lastKnownFileType = sourcecode.swift; path = AppDelegate.swift; sourceTree = "<group>"; };
		4058ADF419ECB77700B8DE6A /* ViewController.swift */ = {isa = PBXFileReference; lastKnownFileType = sourcecode.swift; path = ViewController.swift; sourceTree = "<group>"; };
		4058ADF719ECB77700B8DE6A /* Base */ = {isa = PBXFileReference; lastKnownFileType = file.storyboard; name = Base; path = Base.lproj/Main.storyboard; sourceTree = "<group>"; };
		4058ADF919ECB77700B8DE6A /* Images.xcassets */ = {isa = PBXFileReference; lastKnownFileType = folder.assetcatalog; path = Images.xcassets; sourceTree = "<group>"; };
		4058ADFC19ECB77700B8DE6A /* Base */ = {isa = PBXFileReference; lastKnownFileType = file.xib; name = Base; path = Base.lproj/LaunchScreen.xib; sourceTree = "<group>"; };
		4058AE0219ECB77700B8DE6A /* YouTubeTests.xctest */ = {isa = PBXFileReference; explicitFileType = wrapper.cfbundle; includeInIndex = 0; path = YouTubeTests.xctest; sourceTree = BUILT_PRODUCTS_DIR; };
		4058AE0719ECB77700B8DE6A /* Info.plist */ = {isa = PBXFileReference; lastKnownFileType = text.plist.xml; path = Info.plist; sourceTree = "<group>"; };
		4058AE0819ECB77700B8DE6A /* YouTubeTests.swift */ = {isa = PBXFileReference; lastKnownFileType = sourcecode.swift; path = YouTubeTests.swift; sourceTree = "<group>"; };
		4058AE1219ECB99100B8DE6A /* FeedViewController.swift */ = {isa = PBXFileReference; fileEncoding = 4; lastKnownFileType = sourcecode.swift; path = FeedViewController.swift; sourceTree = "<group>"; };
		4058AE1419ECB99E00B8DE6A /* MenuViewController.swift */ = {isa = PBXFileReference; fileEncoding = 4; lastKnownFileType = sourcecode.swift; path = MenuViewController.swift; sourceTree = "<group>"; };
/* End PBXFileReference section */

/* Begin PBXFrameworksBuildPhase section */
		4058ADEA19ECB77600B8DE6A /* Frameworks */ = {
			isa = PBXFrameworksBuildPhase;
			buildActionMask = 2147483647;
			files = (
			);
			runOnlyForDeploymentPostprocessing = 0;
		};
		4058ADFF19ECB77700B8DE6A /* Frameworks */ = {
			isa = PBXFrameworksBuildPhase;
			buildActionMask = 2147483647;
			files = (
			);
			runOnlyForDeploymentPostprocessing = 0;
		};
/* End PBXFrameworksBuildPhase section */

/* Begin PBXGroup section */
		4058ADE419ECB77600B8DE6A = {
			isa = PBXGroup;
			children = (
				4058ADEF19ECB77600B8DE6A /* YouTube */,
				4058AE0519ECB77700B8DE6A /* YouTubeTests */,
				4058ADEE19ECB77600B8DE6A /* Products */,
			);
			sourceTree = "<group>";
		};
		4058ADEE19ECB77600B8DE6A /* Products */ = {
			isa = PBXGroup;
			children = (
				4058ADED19ECB77600B8DE6A /* YouTube.app */,
				4058AE0219ECB77700B8DE6A /* YouTubeTests.xctest */,
			);
			name = Products;
			sourceTree = "<group>";
		};
		4058ADEF19ECB77600B8DE6A /* YouTube */ = {
			isa = PBXGroup;
			children = (
				4058ADF219ECB77700B8DE6A /* AppDelegate.swift */,
				4058ADF419ECB77700B8DE6A /* ViewController.swift */,
				4058ADF619ECB77700B8DE6A /* Main.storyboard */,
				401560FF19ECC05300798C9B /* HamburgerViewController.swift */,
				4058AE1419ECB99E00B8DE6A /* MenuViewController.swift */,
				4058AE1219ECB99100B8DE6A /* FeedViewController.swift */,
				4058ADF919ECB77700B8DE6A /* Images.xcassets */,
				4058ADFB19ECB77700B8DE6A /* LaunchScreen.xib */,
				4058ADF019ECB77700B8DE6A /* Supporting Files */,
			);
			path = YouTube;
			sourceTree = "<group>";
		};
		4058ADF019ECB77700B8DE6A /* Supporting Files */ = {
			isa = PBXGroup;
			children = (
				4058ADF119ECB77700B8DE6A /* Info.plist */,
			);
			name = "Supporting Files";
			sourceTree = "<group>";
		};
		4058AE0519ECB77700B8DE6A /* YouTubeTests */ = {
			isa = PBXGroup;
			children = (
				4058AE0819ECB77700B8DE6A /* YouTubeTests.swift */,
				4058AE0619ECB77700B8DE6A /* Supporting Files */,
			);
			path = YouTubeTests;
			sourceTree = "<group>";
		};
		4058AE0619ECB77700B8DE6A /* Supporting Files */ = {
			isa = PBXGroup;
			children = (
				4058AE0719ECB77700B8DE6A /* Info.plist */,
			);
			name = "Supporting Files";
			sourceTree = "<group>";
		};
/* End PBXGroup section */

/* Begin PBXNativeTarget section */
		4058ADEC19ECB77600B8DE6A /* YouTube */ = {
			isa = PBXNativeTarget;
			buildConfigurationList = 4058AE0C19ECB77700B8DE6A /* Build configuration list for PBXNativeTarget "YouTube" */;
			buildPhases = (
				4058ADE919ECB77600B8DE6A /* Sources */,
				4058ADEA19ECB77600B8DE6A /* Frameworks */,
				4058ADEB19ECB77600B8DE6A /* Resources */,
			);
			buildRules = (
			);
			dependencies = (
			);
			name = YouTube;
			productName = YouTube;
			productReference = 4058ADED19ECB77600B8DE6A /* YouTube.app */;
			productType = "com.apple.product-type.application";
		};
		4058AE0119ECB77700B8DE6A /* YouTubeTests */ = {
			isa = PBXNativeTarget;
			buildConfigurationList = 4058AE0F19ECB77700B8DE6A /* Build configuration list for PBXNativeTarget "YouTubeTests" */;
			buildPhases = (
				4058ADFE19ECB77700B8DE6A /* Sources */,
				4058ADFF19ECB77700B8DE6A /* Frameworks */,
				4058AE0019ECB77700B8DE6A /* Resources */,
			);
			buildRules = (
			);
			dependencies = (
				4058AE0419ECB77700B8DE6A /* PBXTargetDependency */,
			);
			name = YouTubeTests;
			productName = YouTubeTests;
			productReference = 4058AE0219ECB77700B8DE6A /* YouTubeTests.xctest */;
			productType = "com.apple.product-type.bundle.unit-test";
		};
/* End PBXNativeTarget section */

/* Begin PBXProject section */
		4058ADE519ECB77600B8DE6A /* Project object */ = {
			isa = PBXProject;
			attributes = {
				LastUpgradeCheck = 0600;
				ORGANIZATIONNAME = "Corin Nader";
				TargetAttributes = {
					4058ADEC19ECB77600B8DE6A = {
						CreatedOnToolsVersion = 6.0;
					};
					4058AE0119ECB77700B8DE6A = {
						CreatedOnToolsVersion = 6.0;
						TestTargetID = 4058ADEC19ECB77600B8DE6A;
					};
				};
			};
			buildConfigurationList = 4058ADE819ECB77600B8DE6A /* Build configuration list for PBXProject "YouTube" */;
			compatibilityVersion = "Xcode 3.2";
			developmentRegion = English;
			hasScannedForEncodings = 0;
			knownRegions = (
				en,
				Base,
			);
			mainGroup = 4058ADE419ECB77600B8DE6A;
			productRefGroup = 4058ADEE19ECB77600B8DE6A /* Products */;
			projectDirPath = "";
			projectRoot = "";
			targets = (
				4058ADEC19ECB77600B8DE6A /* YouTube */,
				4058AE0119ECB77700B8DE6A /* YouTubeTests */,
			);
		};
/* End PBXProject section */

/* Begin PBXResourcesBuildPhase section */
		4058ADEB19ECB77600B8DE6A /* Resources */ = {
			isa = PBXResourcesBuildPhase;
			buildActionMask = 2147483647;
			files = (
				4058ADF819ECB77700B8DE6A /* Main.storyboard in Resources */,
				4058ADFD19ECB77700B8DE6A /* LaunchScreen.xib in Resources */,
				4058ADFA19ECB77700B8DE6A /* Images.xcassets in Resources */,
			);
			runOnlyForDeploymentPostprocessing = 0;
		};
		4058AE0019ECB77700B8DE6A /* Resources */ = {
			isa = PBXResourcesBuildPhase;
			buildActionMask = 2147483647;
			files = (
			);
			runOnlyForDeploymentPostprocessing = 0;
		};
/* End PBXResourcesBuildPhase section */

/* Begin PBXSourcesBuildPhase section */
		4058ADE919ECB77600B8DE6A /* Sources */ = {
			isa = PBXSourcesBuildPhase;
			buildActionMask = 2147483647;
			files = (
				4058ADF519ECB77700B8DE6A /* ViewController.swift in Sources */,
				4058AE1319ECB99100B8DE6A /* FeedViewController.swift in Sources */,
				4058ADF319ECB77700B8DE6A /* AppDelegate.swift in Sources */,
				4015610019ECC05300798C9B /* HamburgerViewController.swift in Sources */,
				4058AE1519ECB99E00B8DE6A /* MenuViewController.swift in Sources */,
			);
			runOnlyForDeploymentPostprocessing = 0;
		};
		4058ADFE19ECB77700B8DE6A /* Sources */ = {
			isa = PBXSourcesBuildPhase;
			buildActionMask = 2147483647;
			files = (
				4058AE0919ECB77700B8DE6A /* YouTubeTests.swift in Sources */,
			);
			runOnlyForDeploymentPostprocessing = 0;
		};
/* End PBXSourcesBuildPhase section */

/* Begin PBXTargetDependency section */
		4058AE0419ECB77700B8DE6A /* PBXTargetDependency */ = {
			isa = PBXTargetDependency;
			target = 4058ADEC19ECB77600B8DE6A /* YouTube */;
			targetProxy = 4058AE0319ECB77700B8DE6A /* PBXContainerItemProxy */;
		};
/* End PBXTargetDependency section */

/* Begin PBXVariantGroup section */
		4058ADF619ECB77700B8DE6A /* Main.storyboard */ = {
			isa = PBXVariantGroup;
			children = (
				4058ADF719ECB77700B8DE6A /* Base */,
			);
			name = Main.storyboard;
			sourceTree = "<group>";
		};
		4058ADFB19ECB77700B8DE6A /* LaunchScreen.xib */ = {
			isa = PBXVariantGroup;
			children = (
				4058ADFC19ECB77700B8DE6A /* Base */,
			);
			name = LaunchScreen.xib;
			sourceTree = "<group>";
		};
/* End PBXVariantGroup section */

/* Begin XCBuildConfiguration section */
		4058AE0A19ECB77700B8DE6A /* Debug */ = {
			isa = XCBuildConfiguration;
			buildSettings = {
				ALWAYS_SEARCH_USER_PATHS = NO;
				CLANG_CXX_LANGUAGE_STANDARD = "gnu++0x";
				CLANG_CXX_LIBRARY = "libc++";
				CLANG_ENABLE_MODULES = YES;
				CLANG_ENABLE_OBJC_ARC = YES;
				CLANG_WARN_BOOL_CONVERSION = YES;
				CLANG_WARN_CONSTANT_CONVERSION = YES;
				CLANG_WARN_DIRECT_OBJC_ISA_USAGE = YES_ERROR;
				CLANG_WARN_EMPTY_BODY = YES;
				CLANG_WARN_ENUM_CONVERSION = YES;
				CLANG_WARN_INT_CONVERSION = YES;
				CLANG_WARN_OBJC_ROOT_CLASS = YES_ERROR;
				CLANG_WARN_UNREACHABLE_CODE = YES;
				CLANG_WARN__DUPLICATE_METHOD_MATCH = YES;
				"CODE_SIGN_IDENTITY[sdk=iphoneos*]" = "iPhone Developer";
				COPY_PHASE_STRIP = NO;
				ENABLE_STRICT_OBJC_MSGSEND = YES;
				GCC_C_LANGUAGE_STANDARD = gnu99;
				GCC_DYNAMIC_NO_PIC = NO;
				GCC_OPTIMIZATION_LEVEL = 0;
				GCC_PREPROCESSOR_DEFINITIONS = (
					"DEBUG=1",
					"$(inherited)",
				);
				GCC_SYMBOLS_PRIVATE_EXTERN = NO;
				GCC_WARN_64_TO_32_BIT_CONVERSION = YES;
				GCC_WARN_ABOUT_RETURN_TYPE = YES_ERROR;
				GCC_WARN_UNDECLARED_SELECTOR = YES;
				GCC_WARN_UNINITIALIZED_AUTOS = YES_AGGRESSIVE;
				GCC_WARN_UNUSED_FUNCTION = YES;
				GCC_WARN_UNUSED_VARIABLE = YES;
				IPHONEOS_DEPLOYMENT_TARGET = 8.0;
				MTL_ENABLE_DEBUG_INFO = YES;
				ONLY_ACTIVE_ARCH = YES;
				SDKROOT = iphoneos;
				SWIFT_OPTIMIZATION_LEVEL = "-Onone";
			};
			name = Debug;
		};
		4058AE0B19ECB77700B8DE6A /* Release */ = {
			isa = XCBuildConfiguration;
			buildSettings = {
				ALWAYS_SEARCH_USER_PATHS = NO;
				CLANG_CXX_LANGUAGE_STANDARD = "gnu++0x";
				CLANG_CXX_LIBRARY = "libc++";
				CLANG_ENABLE_MODULES = YES;
				CLANG_ENABLE_OBJC_ARC = YES;
				CLANG_WARN_BOOL_CONVERSION = YES;
				CLANG_WARN_CONSTANT_CONVERSION = YES;
				CLANG_WARN_DIRECT_OBJC_ISA_USAGE = YES_ERROR;
				CLANG_WARN_EMPTY_BODY = YES;
				CLANG_WARN_ENUM_CONVERSION = YES;
				CLANG_WARN_INT_CONVERSION = YES;
				CLANG_WARN_OBJC_ROOT_CLASS = YES_ERROR;
				CLANG_WARN_UNREACHABLE_CODE = YES;
				CLANG_WARN__DUPLICATE_METHOD_MATCH = YES;
				"CODE_SIGN_IDENTITY[sdk=iphoneos*]" = "iPhone Developer";
				COPY_PHASE_STRIP = YES;
				ENABLE_NS_ASSERTIONS = NO;
				ENABLE_STRICT_OBJC_MSGSEND = YES;
				GCC_C_LANGUAGE_STANDARD = gnu99;
				GCC_WARN_64_TO_32_BIT_CONVERSION = YES;
				GCC_WARN_ABOUT_RETURN_TYPE = YES_ERROR;
				GCC_WARN_UNDECLARED_SELECTOR = YES;
				GCC_WARN_UNINITIALIZED_AUTOS = YES_AGGRESSIVE;
				GCC_WARN_UNUSED_FUNCTION = YES;
				GCC_WARN_UNUSED_VARIABLE = YES;
				IPHONEOS_DEPLOYMENT_TARGET = 8.0;
				MTL_ENABLE_DEBUG_INFO = NO;
				SDKROOT = iphoneos;
				VALIDATE_PRODUCT = YES;
			};
			name = Release;
		};
		4058AE0D19ECB77700B8DE6A /* Debug */ = {
			isa = XCBuildConfiguration;
			buildSettings = {
				ASSETCATALOG_COMPILER_APPICON_NAME = AppIcon;
				INFOPLIST_FILE = YouTube/Info.plist;
				LD_RUNPATH_SEARCH_PATHS = "$(inherited) @executable_path/Frameworks";
				PRODUCT_NAME = "$(TARGET_NAME)";
			};
			name = Debug;
		};
		4058AE0E19ECB77700B8DE6A /* Release */ = {
			isa = XCBuildConfiguration;
			buildSettings = {
				ASSETCATALOG_COMPILER_APPICON_NAME = AppIcon;
				INFOPLIST_FILE = YouTube/Info.plist;
				LD_RUNPATH_SEARCH_PATHS = "$(inherited) @executable_path/Frameworks";
				PRODUCT_NAME = "$(TARGET_NAME)";
			};
			name = Release;
		};
		4058AE1019ECB77700B8DE6A /* Debug */ = {
			isa = XCBuildConfiguration;
			buildSettings = {
				BUNDLE_LOADER = "$(TEST_HOST)";
				FRAMEWORK_SEARCH_PATHS = (
					"$(SDKROOT)/Developer/Library/Frameworks",
					"$(inherited)",
				);
				GCC_PREPROCESSOR_DEFINITIONS = (
					"DEBUG=1",
					"$(inherited)",
				);
				INFOPLIST_FILE = YouTubeTests/Info.plist;
				LD_RUNPATH_SEARCH_PATHS = "$(inherited) @executable_path/Frameworks @loader_path/Frameworks";
				PRODUCT_NAME = "$(TARGET_NAME)";
				TEST_HOST = "$(BUILT_PRODUCTS_DIR)/YouTube.app/YouTube";
			};
			name = Debug;
		};
		4058AE1119ECB77700B8DE6A /* Release */ = {
			isa = XCBuildConfiguration;
			buildSettings = {
				BUNDLE_LOADER = "$(TEST_HOST)";
				FRAMEWORK_SEARCH_PATHS = (
					"$(SDKROOT)/Developer/Library/Frameworks",
					"$(inherited)",
				);
				INFOPLIST_FILE = YouTubeTests/Info.plist;
				LD_RUNPATH_SEARCH_PATHS = "$(inherited) @executable_path/Frameworks @loader_path/Frameworks";
				PRODUCT_NAME = "$(TARGET_NAME)";
				TEST_HOST = "$(BUILT_PRODUCTS_DIR)/YouTube.app/YouTube";
			};
			name = Release;
		};
/* End XCBuildConfiguration section */

/* Begin XCConfigurationList section */
		4058ADE819ECB77600B8DE6A /* Build configuration list for PBXProject "YouTube" */ = {
			isa = XCConfigurationList;
			buildConfigurations = (
				4058AE0A19ECB77700B8DE6A /* Debug */,
				4058AE0B19ECB77700B8DE6A /* Release */,
			);
			defaultConfigurationIsVisible = 0;
			defaultConfigurationName = Release;
		};
		4058AE0C19ECB77700B8DE6A /* Build configuration list for PBXNativeTarget "YouTube" */ = {
			isa = XCConfigurationList;
			buildConfigurations = (
				4058AE0D19ECB77700B8DE6A /* Debug */,
				4058AE0E19ECB77700B8DE6A /* Release */,
			);
			defaultConfigurationIsVisible = 0;
			defaultConfigurationName = Release;
		};
		4058AE0F19ECB77700B8DE6A /* Build configuration list for PBXNativeTarget "YouTubeTests" */ = {
			isa = XCConfigurationList;
			buildConfigurations = (
				4058AE1019ECB77700B8DE6A /* Debug */,
				4058AE1119ECB77700B8DE6A /* Release */,
			);
			defaultConfigurationIsVisible = 0;
			defaultConfigurationName = Release;
		};
/* End XCConfigurationList section */
	};
	rootObject = 4058ADE519ECB77600B8DE6A /* Project object */;
}
